// !$*UTF8*$!
{
	archiveVersion = 1;
	classes = {
	};
	objectVersion = 50;
	objects = {

/* Begin PBXBuildFile section */
		6A596577B7CA3DD95825BB80 /* Pods_Drinky.framework in Frameworks */ = {isa = PBXBuildFile; fileRef = 492137B3FC136F7466D360BB /* Pods_Drinky.framework */; };
		76085FB622A12B610084B8E1 /* Interface.storyboard in Resources */ = {isa = PBXBuildFile; fileRef = 76085FB422A12B610084B8E1 /* Interface.storyboard */; };
		76085FB822A12B620084B8E1 /* Assets.xcassets in Resources */ = {isa = PBXBuildFile; fileRef = 76085FB722A12B620084B8E1 /* Assets.xcassets */; };
		76085FBF22A12B630084B8E1 /* Drinky Watch Extension.appex in Embed App Extensions */ = {isa = PBXBuildFile; fileRef = 76085FBE22A12B620084B8E1 /* Drinky Watch Extension.appex */; settings = {ATTRIBUTES = (RemoveHeadersOnCopy, ); }; };
		76085FC422A12B630084B8E1 /* InterfaceController.swift in Sources */ = {isa = PBXBuildFile; fileRef = 76085FC322A12B630084B8E1 /* InterfaceController.swift */; };
		76085FC622A12B630084B8E1 /* ExtensionDelegate.swift in Sources */ = {isa = PBXBuildFile; fileRef = 76085FC522A12B630084B8E1 /* ExtensionDelegate.swift */; };
		76085FC822A12B630084B8E1 /* NotificationController.swift in Sources */ = {isa = PBXBuildFile; fileRef = 76085FC722A12B630084B8E1 /* NotificationController.swift */; };
		76085FCA22A12B630084B8E1 /* ComplicationController.swift in Sources */ = {isa = PBXBuildFile; fileRef = 76085FC922A12B630084B8E1 /* ComplicationController.swift */; };
		76085FCC22A12B630084B8E1 /* Assets.xcassets in Resources */ = {isa = PBXBuildFile; fileRef = 76085FCB22A12B630084B8E1 /* Assets.xcassets */; };
		76085FD122A12B630084B8E1 /* Drinky Watch.app in Embed Watch Content */ = {isa = PBXBuildFile; fileRef = 76085FB222A12B610084B8E1 /* Drinky Watch.app */; };
		76085FDB22A133130084B8E1 /* RoundedShadowView.swift in Sources */ = {isa = PBXBuildFile; fileRef = 76B20CE9226B285500AC406A /* RoundedShadowView.swift */; };
		76085FDE22A146D40084B8E1 /* NotificationSettings.storyboard in Resources */ = {isa = PBXBuildFile; fileRef = 76085FDD22A146D40084B8E1 /* NotificationSettings.storyboard */; };
		76085FE022A147B50084B8E1 /* NotificationSettingsViewController.swift in Sources */ = {isa = PBXBuildFile; fileRef = 76085FDF22A147B50084B8E1 /* NotificationSettingsViewController.swift */; };
		76085FE222A147D20084B8E1 /* NotificationSettingsPresenter.swift in Sources */ = {isa = PBXBuildFile; fileRef = 76085FE122A147D20084B8E1 /* NotificationSettingsPresenter.swift */; };
		76085FE522A156450084B8E1 /* NotificationRangeSlider.swift in Sources */ = {isa = PBXBuildFile; fileRef = 76085FE422A156450084B8E1 /* NotificationRangeSlider.swift */; };
		7655E33F22A008A0000DCFD2 /* NotificationManager.swift in Sources */ = {isa = PBXBuildFile; fileRef = 7655E33E22A008A0000DCFD2 /* NotificationManager.swift */; };
		7655E34622A009B2000DCFD2 /* NotificationCenter.framework in Frameworks */ = {isa = PBXBuildFile; fileRef = 7655E34522A009B2000DCFD2 /* NotificationCenter.framework */; };
		7655E34C22A009B2000DCFD2 /* MainInterface.storyboard in Resources */ = {isa = PBXBuildFile; fileRef = 7655E34A22A009B2000DCFD2 /* MainInterface.storyboard */; };
		7655E35022A009B2000DCFD2 /* Drinky Widget.appex in Embed App Extensions */ = {isa = PBXBuildFile; fileRef = 7655E34422A009B1000DCFD2 /* Drinky Widget.appex */; settings = {ATTRIBUTES = (RemoveHeadersOnCopy, ); }; };
		7655E35722A00B3D000DCFD2 /* ActivityArcView.swift in Sources */ = {isa = PBXBuildFile; fileRef = 7655E35622A00B3D000DCFD2 /* ActivityArcView.swift */; };
		7655E36122A0340E000DCFD2 /* TodayViewController.swift in Sources */ = {isa = PBXBuildFile; fileRef = 7655E34822A009B2000DCFD2 /* TodayViewController.swift */; };
		7655E36222A03435000DCFD2 /* Drinky.xcdatamodeld in Sources */ = {isa = PBXBuildFile; fileRef = 76F3C46A226A27B200E25C34 /* Drinky.xcdatamodeld */; };
		7655E36622A03639000DCFD2 /* NSCustomPersistentContainer.swift in Sources */ = {isa = PBXBuildFile; fileRef = 7655E36522A03639000DCFD2 /* NSCustomPersistentContainer.swift */; };
		7655E36822A03A37000DCFD2 /* ActivityArcView.swift in Sources */ = {isa = PBXBuildFile; fileRef = 7655E35622A00B3D000DCFD2 /* ActivityArcView.swift */; };
		7679049D22A03ACA005C8520 /* retrieveDayEntity.swift in Sources */ = {isa = PBXBuildFile; fileRef = 769461BB226DC73B001C254A /* retrieveDayEntity.swift */; };
		7679049E22A03ACD005C8520 /* DateExtension.swift in Sources */ = {isa = PBXBuildFile; fileRef = 769461B9226DC557001C254A /* DateExtension.swift */; };
		7679049F22A03AF0005C8520 /* CoreDataManager.swift in Sources */ = {isa = PBXBuildFile; fileRef = 76C1DA9B226F802A004A957C /* CoreDataManager.swift */; };
		767904A022A03AF7005C8520 /* NSCustomPersistentContainer.swift in Sources */ = {isa = PBXBuildFile; fileRef = 7655E36522A03639000DCFD2 /* NSCustomPersistentContainer.swift */; };
		769461B7226DC386001C254A /* AppVariables.swift in Sources */ = {isa = PBXBuildFile; fileRef = 769461B6226DC386001C254A /* AppVariables.swift */; };
		769461BA226DC557001C254A /* DateExtension.swift in Sources */ = {isa = PBXBuildFile; fileRef = 769461B9226DC557001C254A /* DateExtension.swift */; };
		769461BC226DC73B001C254A /* retrieveDayEntity.swift in Sources */ = {isa = PBXBuildFile; fileRef = 769461BB226DC73B001C254A /* retrieveDayEntity.swift */; };
		76B20CE6226B27D500AC406A /* SlideUpRoundedView.swift in Sources */ = {isa = PBXBuildFile; fileRef = 76B20CE5226B27D500AC406A /* SlideUpRoundedView.swift */; };
		76B20CE8226B281900AC406A /* SlideUpRoundedView.xib in Resources */ = {isa = PBXBuildFile; fileRef = 76B20CE7226B281900AC406A /* SlideUpRoundedView.xib */; };
		76B20CEA226B285500AC406A /* RoundedShadowView.swift in Sources */ = {isa = PBXBuildFile; fileRef = 76B20CE9226B285500AC406A /* RoundedShadowView.swift */; };
		76BB3B7D228B07CE00A05934 /* evaluateAmountDrankAtTime.swift in Sources */ = {isa = PBXBuildFile; fileRef = 76BB3B7C228B07CE00A05934 /* evaluateAmountDrankAtTime.swift */; };
		76BB3B83228B0EDC00A05934 /* changeWakeupAndSleepTime.swift in Sources */ = {isa = PBXBuildFile; fileRef = 76BB3B82228B0EDC00A05934 /* changeWakeupAndSleepTime.swift */; };
		76BB3B85228B0EE900A05934 /* changeWeightAndExcersize.swift in Sources */ = {isa = PBXBuildFile; fileRef = 76BB3B84228B0EE900A05934 /* changeWeightAndExcersize.swift */; };
		76BB3B87228B103C00A05934 /* Settings.storyboard in Resources */ = {isa = PBXBuildFile; fileRef = 76BB3B86228B103C00A05934 /* Settings.storyboard */; };
		76BB3B89228B10A800A05934 /* SettingsViewController.swift in Sources */ = {isa = PBXBuildFile; fileRef = 76BB3B88228B10A800A05934 /* SettingsViewController.swift */; };
		76BB3B8B228B124F00A05934 /* SettingsPresenter.swift in Sources */ = {isa = PBXBuildFile; fileRef = 76BB3B8A228B124F00A05934 /* SettingsPresenter.swift */; };
		76BB3B8D228B209D00A05934 /* calculateRecommendedAmount.swift in Sources */ = {isa = PBXBuildFile; fileRef = 76BB3B8C228B209D00A05934 /* calculateRecommendedAmount.swift */; };
		76C1DA8F226F4BD1004A957C /* createNewDayEntity.swift in Sources */ = {isa = PBXBuildFile; fileRef = 76C1DA8E226F4BD1004A957C /* createNewDayEntity.swift */; };
		76C1DA91226F4CF7004A957C /* checkIfDayEntity.swift in Sources */ = {isa = PBXBuildFile; fileRef = 76C1DA90226F4CF7004A957C /* checkIfDayEntity.swift */; };
		76C1DA93226F4E4A004A957C /* PresenterProtocol.swift in Sources */ = {isa = PBXBuildFile; fileRef = 76C1DA92226F4E4A004A957C /* PresenterProtocol.swift */; };
		76C1DA96226F5086004A957C /* addDrink.swift in Sources */ = {isa = PBXBuildFile; fileRef = 76C1DA95226F5086004A957C /* addDrink.swift */; };
		76C1DA98226F6231004A957C /* undoDrinks.swift in Sources */ = {isa = PBXBuildFile; fileRef = 76C1DA97226F6231004A957C /* undoDrinks.swift */; };
		76C1DA9A226F6989004A957C /* calculatePercentageOfGoal.swift in Sources */ = {isa = PBXBuildFile; fileRef = 76C1DA99226F6989004A957C /* calculatePercentageOfGoal.swift */; };
		76C1DA9C226F802A004A957C /* CoreDataManager.swift in Sources */ = {isa = PBXBuildFile; fileRef = 76C1DA9B226F802A004A957C /* CoreDataManager.swift */; };
		76E51FCA22A828C30060DD0A /* HealthKit.framework in Frameworks */ = {isa = PBXBuildFile; fileRef = 76E51FC922A828C30060DD0A /* HealthKit.framework */; };
		76E51FCD22A829050060DD0A /* HealthKitManager.swift in Sources */ = {isa = PBXBuildFile; fileRef = 76E51FCC22A829050060DD0A /* HealthKitManager.swift */; };
		76F3C464226A27B200E25C34 /* AppDelegate.swift in Sources */ = {isa = PBXBuildFile; fileRef = 76F3C463226A27B200E25C34 /* AppDelegate.swift */; };
		76F3C466226A27B200E25C34 /* CurrentAmountDrankViewController.swift in Sources */ = {isa = PBXBuildFile; fileRef = 76F3C465226A27B200E25C34 /* CurrentAmountDrankViewController.swift */; };
		76F3C469226A27B200E25C34 /* Main.storyboard in Resources */ = {isa = PBXBuildFile; fileRef = 76F3C467226A27B200E25C34 /* Main.storyboard */; };
		76F3C46C226A27B200E25C34 /* Drinky.xcdatamodeld in Sources */ = {isa = PBXBuildFile; fileRef = 76F3C46A226A27B200E25C34 /* Drinky.xcdatamodeld */; };
		76F3C46E226A27B300E25C34 /* Assets.xcassets in Resources */ = {isa = PBXBuildFile; fileRef = 76F3C46D226A27B300E25C34 /* Assets.xcassets */; };
		76F3C471226A27B300E25C34 /* LaunchScreen.storyboard in Resources */ = {isa = PBXBuildFile; fileRef = 76F3C46F226A27B300E25C34 /* LaunchScreen.storyboard */; };
		76F3C47C226A27B300E25C34 /* DrinkyTests.swift in Sources */ = {isa = PBXBuildFile; fileRef = 76F3C47B226A27B300E25C34 /* DrinkyTests.swift */; };
		76F3C487226A27B300E25C34 /* DrinkyUITests.swift in Sources */ = {isa = PBXBuildFile; fileRef = 76F3C486226A27B300E25C34 /* DrinkyUITests.swift */; };
		76F3C498226A283500E25C34 /* CurrentAmountDrankPresenter.swift in Sources */ = {isa = PBXBuildFile; fileRef = 76F3C497226A283500E25C34 /* CurrentAmountDrankPresenter.swift */; };
		A72BE0854A574683CDDC1B21 /* Pods_DrinkyUITests.framework in Frameworks */ = {isa = PBXBuildFile; fileRef = 3FDCB15E84D6827365481ACA /* Pods_DrinkyUITests.framework */; };
		CC1232ACC24E7F22D2597604 /* Pods_DrinkyTests.framework in Frameworks */ = {isa = PBXBuildFile; fileRef = 056F3D0531BB238F5D662380 /* Pods_DrinkyTests.framework */; };
/* End PBXBuildFile section */

/* Begin PBXContainerItemProxy section */
		76085FC022A12B630084B8E1 /* PBXContainerItemProxy */ = {
			isa = PBXContainerItemProxy;
			containerPortal = 76F3C458226A27B200E25C34 /* Project object */;
			proxyType = 1;
			remoteGlobalIDString = 76085FBD22A12B620084B8E1;
			remoteInfo = "Drinky Watch Extension";
		};
		76085FCF22A12B630084B8E1 /* PBXContainerItemProxy */ = {
			isa = PBXContainerItemProxy;
			containerPortal = 76F3C458226A27B200E25C34 /* Project object */;
			proxyType = 1;
			remoteGlobalIDString = 76085FB122A12B610084B8E1;
			remoteInfo = "Drinky Watch";
		};
		7655E34E22A009B2000DCFD2 /* PBXContainerItemProxy */ = {
			isa = PBXContainerItemProxy;
			containerPortal = 76F3C458226A27B200E25C34 /* Project object */;
			proxyType = 1;
			remoteGlobalIDString = 7655E34322A009B1000DCFD2;
			remoteInfo = "Drinky Widget";
		};
		76F3C478226A27B300E25C34 /* PBXContainerItemProxy */ = {
			isa = PBXContainerItemProxy;
			containerPortal = 76F3C458226A27B200E25C34 /* Project object */;
			proxyType = 1;
			remoteGlobalIDString = 76F3C45F226A27B200E25C34;
			remoteInfo = Drinky;
		};
		76F3C483226A27B300E25C34 /* PBXContainerItemProxy */ = {
			isa = PBXContainerItemProxy;
			containerPortal = 76F3C458226A27B200E25C34 /* Project object */;
			proxyType = 1;
			remoteGlobalIDString = 76F3C45F226A27B200E25C34;
			remoteInfo = Drinky;
		};
/* End PBXContainerItemProxy section */

/* Begin PBXCopyFilesBuildPhase section */
		76085FD722A12B630084B8E1 /* Embed App Extensions */ = {
			isa = PBXCopyFilesBuildPhase;
			buildActionMask = 2147483647;
			dstPath = "";
			dstSubfolderSpec = 13;
			files = (
				76085FBF22A12B630084B8E1 /* Drinky Watch Extension.appex in Embed App Extensions */,
			);
			name = "Embed App Extensions";
			runOnlyForDeploymentPostprocessing = 0;
		};
		76085FD922A12B630084B8E1 /* Embed Watch Content */ = {
			isa = PBXCopyFilesBuildPhase;
			buildActionMask = 2147483647;
			dstPath = "$(CONTENTS_FOLDER_PATH)/Watch";
			dstSubfolderSpec = 16;
			files = (
				76085FD122A12B630084B8E1 /* Drinky Watch.app in Embed Watch Content */,
			);
			name = "Embed Watch Content";
			runOnlyForDeploymentPostprocessing = 0;
		};
		7655E35422A009B2000DCFD2 /* Embed App Extensions */ = {
			isa = PBXCopyFilesBuildPhase;
			buildActionMask = 2147483647;
			dstPath = "";
			dstSubfolderSpec = 13;
			files = (
				7655E35022A009B2000DCFD2 /* Drinky Widget.appex in Embed App Extensions */,
			);
			name = "Embed App Extensions";
			runOnlyForDeploymentPostprocessing = 0;
		};
/* End PBXCopyFilesBuildPhase section */

/* Begin PBXFileReference section */
		056F3D0531BB238F5D662380 /* Pods_DrinkyTests.framework */ = {isa = PBXFileReference; explicitFileType = wrapper.framework; includeInIndex = 0; path = Pods_DrinkyTests.framework; sourceTree = BUILT_PRODUCTS_DIR; };
		1631C769B89F1C715221EF2C /* Pods-DrinkyTests.debug.xcconfig */ = {isa = PBXFileReference; includeInIndex = 1; lastKnownFileType = text.xcconfig; name = "Pods-DrinkyTests.debug.xcconfig"; path = "Target Support Files/Pods-DrinkyTests/Pods-DrinkyTests.debug.xcconfig"; sourceTree = "<group>"; };
		3A74288FB2403F173603E6E2 /* Pods-Drinky.debug.xcconfig */ = {isa = PBXFileReference; includeInIndex = 1; lastKnownFileType = text.xcconfig; name = "Pods-Drinky.debug.xcconfig"; path = "Target Support Files/Pods-Drinky/Pods-Drinky.debug.xcconfig"; sourceTree = "<group>"; };
		3FDCB15E84D6827365481ACA /* Pods_DrinkyUITests.framework */ = {isa = PBXFileReference; explicitFileType = wrapper.framework; includeInIndex = 0; path = Pods_DrinkyUITests.framework; sourceTree = BUILT_PRODUCTS_DIR; };
		492137B3FC136F7466D360BB /* Pods_Drinky.framework */ = {isa = PBXFileReference; explicitFileType = wrapper.framework; includeInIndex = 0; path = Pods_Drinky.framework; sourceTree = BUILT_PRODUCTS_DIR; };
		49F65162633A9E3D7C88B14C /* Pods-DrinkyUITests.debug.xcconfig */ = {isa = PBXFileReference; includeInIndex = 1; lastKnownFileType = text.xcconfig; name = "Pods-DrinkyUITests.debug.xcconfig"; path = "Target Support Files/Pods-DrinkyUITests/Pods-DrinkyUITests.debug.xcconfig"; sourceTree = "<group>"; };
		76085FB222A12B610084B8E1 /* Drinky Watch.app */ = {isa = PBXFileReference; explicitFileType = wrapper.application; includeInIndex = 0; path = "Drinky Watch.app"; sourceTree = BUILT_PRODUCTS_DIR; };
		76085FB522A12B610084B8E1 /* Base */ = {isa = PBXFileReference; lastKnownFileType = file.storyboard; name = Base; path = Base.lproj/Interface.storyboard; sourceTree = "<group>"; };
		76085FB722A12B620084B8E1 /* Assets.xcassets */ = {isa = PBXFileReference; lastKnownFileType = folder.assetcatalog; path = Assets.xcassets; sourceTree = "<group>"; };
		76085FB922A12B620084B8E1 /* Info.plist */ = {isa = PBXFileReference; lastKnownFileType = text.plist.xml; path = Info.plist; sourceTree = "<group>"; };
		76085FBE22A12B620084B8E1 /* Drinky Watch Extension.appex */ = {isa = PBXFileReference; explicitFileType = "wrapper.app-extension"; includeInIndex = 0; path = "Drinky Watch Extension.appex"; sourceTree = BUILT_PRODUCTS_DIR; };
		76085FC322A12B630084B8E1 /* InterfaceController.swift */ = {isa = PBXFileReference; lastKnownFileType = sourcecode.swift; path = InterfaceController.swift; sourceTree = "<group>"; };
		76085FC522A12B630084B8E1 /* ExtensionDelegate.swift */ = {isa = PBXFileReference; lastKnownFileType = sourcecode.swift; path = ExtensionDelegate.swift; sourceTree = "<group>"; };
		76085FC722A12B630084B8E1 /* NotificationController.swift */ = {isa = PBXFileReference; lastKnownFileType = sourcecode.swift; path = NotificationController.swift; sourceTree = "<group>"; };
		76085FC922A12B630084B8E1 /* ComplicationController.swift */ = {isa = PBXFileReference; lastKnownFileType = sourcecode.swift; path = ComplicationController.swift; sourceTree = "<group>"; };
		76085FCB22A12B630084B8E1 /* Assets.xcassets */ = {isa = PBXFileReference; lastKnownFileType = folder.assetcatalog; path = Assets.xcassets; sourceTree = "<group>"; };
		76085FCD22A12B630084B8E1 /* Info.plist */ = {isa = PBXFileReference; lastKnownFileType = text.plist.xml; path = Info.plist; sourceTree = "<group>"; };
		76085FCE22A12B630084B8E1 /* PushNotificationPayload.apns */ = {isa = PBXFileReference; lastKnownFileType = text; path = PushNotificationPayload.apns; sourceTree = "<group>"; };
		76085FDA22A12B700084B8E1 /* Drinky Watch Extension.entitlements */ = {isa = PBXFileReference; lastKnownFileType = text.plist.entitlements; path = "Drinky Watch Extension.entitlements"; sourceTree = "<group>"; };
		76085FDD22A146D40084B8E1 /* NotificationSettings.storyboard */ = {isa = PBXFileReference; fileEncoding = 4; lastKnownFileType = file.storyboard; path = NotificationSettings.storyboard; sourceTree = "<group>"; };
		76085FDF22A147B50084B8E1 /* NotificationSettingsViewController.swift */ = {isa = PBXFileReference; lastKnownFileType = sourcecode.swift; path = NotificationSettingsViewController.swift; sourceTree = "<group>"; };
		76085FE122A147D20084B8E1 /* NotificationSettingsPresenter.swift */ = {isa = PBXFileReference; lastKnownFileType = sourcecode.swift; path = NotificationSettingsPresenter.swift; sourceTree = "<group>"; };
		76085FE422A156450084B8E1 /* NotificationRangeSlider.swift */ = {isa = PBXFileReference; lastKnownFileType = sourcecode.swift; path = NotificationRangeSlider.swift; sourceTree = "<group>"; };
		7655E33E22A008A0000DCFD2 /* NotificationManager.swift */ = {isa = PBXFileReference; lastKnownFileType = sourcecode.swift; path = NotificationManager.swift; sourceTree = "<group>"; };
		7655E34422A009B1000DCFD2 /* Drinky Widget.appex */ = {isa = PBXFileReference; explicitFileType = "wrapper.app-extension"; includeInIndex = 0; path = "Drinky Widget.appex"; sourceTree = BUILT_PRODUCTS_DIR; };
		7655E34522A009B2000DCFD2 /* NotificationCenter.framework */ = {isa = PBXFileReference; lastKnownFileType = wrapper.framework; name = NotificationCenter.framework; path = System/Library/Frameworks/NotificationCenter.framework; sourceTree = SDKROOT; };
		7655E34822A009B2000DCFD2 /* TodayViewController.swift */ = {isa = PBXFileReference; lastKnownFileType = sourcecode.swift; path = TodayViewController.swift; sourceTree = "<group>"; };
		7655E34B22A009B2000DCFD2 /* Base */ = {isa = PBXFileReference; lastKnownFileType = file.storyboard; name = Base; path = Base.lproj/MainInterface.storyboard; sourceTree = "<group>"; };
		7655E34D22A009B2000DCFD2 /* Info.plist */ = {isa = PBXFileReference; lastKnownFileType = text.plist.xml; path = Info.plist; sourceTree = "<group>"; };
		7655E35622A00B3D000DCFD2 /* ActivityArcView.swift */ = {isa = PBXFileReference; lastKnownFileType = sourcecode.swift; path = ActivityArcView.swift; sourceTree = "<group>"; };
		7655E35E22A0332A000DCFD2 /* Drinky Widget.entitlements */ = {isa = PBXFileReference; lastKnownFileType = text.plist.entitlements; path = "Drinky Widget.entitlements"; sourceTree = "<group>"; };
		7655E35F22A0337D000DCFD2 /* Drinky.entitlements */ = {isa = PBXFileReference; lastKnownFileType = text.plist.entitlements; path = Drinky.entitlements; sourceTree = "<group>"; };
		7655E36522A03639000DCFD2 /* NSCustomPersistentContainer.swift */ = {isa = PBXFileReference; lastKnownFileType = sourcecode.swift; path = NSCustomPersistentContainer.swift; sourceTree = "<group>"; };
		769461B6226DC386001C254A /* AppVariables.swift */ = {isa = PBXFileReference; lastKnownFileType = sourcecode.swift; path = AppVariables.swift; sourceTree = "<group>"; };
		769461B9226DC557001C254A /* DateExtension.swift */ = {isa = PBXFileReference; lastKnownFileType = sourcecode.swift; path = DateExtension.swift; sourceTree = "<group>"; };
		769461BB226DC73B001C254A /* retrieveDayEntity.swift */ = {isa = PBXFileReference; lastKnownFileType = sourcecode.swift; path = retrieveDayEntity.swift; sourceTree = "<group>"; };
		76B20CE5226B27D500AC406A /* SlideUpRoundedView.swift */ = {isa = PBXFileReference; lastKnownFileType = sourcecode.swift; path = SlideUpRoundedView.swift; sourceTree = "<group>"; };
		76B20CE7226B281900AC406A /* SlideUpRoundedView.xib */ = {isa = PBXFileReference; lastKnownFileType = file.xib; path = SlideUpRoundedView.xib; sourceTree = "<group>"; };
		76B20CE9226B285500AC406A /* RoundedShadowView.swift */ = {isa = PBXFileReference; fileEncoding = 4; lastKnownFileType = sourcecode.swift; path = RoundedShadowView.swift; sourceTree = "<group>"; };
		76BB3B7C228B07CE00A05934 /* evaluateAmountDrankAtTime.swift */ = {isa = PBXFileReference; lastKnownFileType = sourcecode.swift; path = evaluateAmountDrankAtTime.swift; sourceTree = "<group>"; };
		76BB3B82228B0EDC00A05934 /* changeWakeupAndSleepTime.swift */ = {isa = PBXFileReference; lastKnownFileType = sourcecode.swift; path = changeWakeupAndSleepTime.swift; sourceTree = "<group>"; };
		76BB3B84228B0EE900A05934 /* changeWeightAndExcersize.swift */ = {isa = PBXFileReference; lastKnownFileType = sourcecode.swift; path = changeWeightAndExcersize.swift; sourceTree = "<group>"; };
		76BB3B86228B103C00A05934 /* Settings.storyboard */ = {isa = PBXFileReference; fileEncoding = 4; lastKnownFileType = file.storyboard; path = Settings.storyboard; sourceTree = "<group>"; };
		76BB3B88228B10A800A05934 /* SettingsViewController.swift */ = {isa = PBXFileReference; lastKnownFileType = sourcecode.swift; path = SettingsViewController.swift; sourceTree = "<group>"; };
		76BB3B8A228B124F00A05934 /* SettingsPresenter.swift */ = {isa = PBXFileReference; lastKnownFileType = sourcecode.swift; path = SettingsPresenter.swift; sourceTree = "<group>"; };
		76BB3B8C228B209D00A05934 /* calculateRecommendedAmount.swift */ = {isa = PBXFileReference; lastKnownFileType = sourcecode.swift; path = calculateRecommendedAmount.swift; sourceTree = "<group>"; };
		76C1DA8E226F4BD1004A957C /* createNewDayEntity.swift */ = {isa = PBXFileReference; lastKnownFileType = sourcecode.swift; path = createNewDayEntity.swift; sourceTree = "<group>"; };
		76C1DA90226F4CF7004A957C /* checkIfDayEntity.swift */ = {isa = PBXFileReference; lastKnownFileType = sourcecode.swift; path = checkIfDayEntity.swift; sourceTree = "<group>"; };
		76C1DA92226F4E4A004A957C /* PresenterProtocol.swift */ = {isa = PBXFileReference; lastKnownFileType = sourcecode.swift; path = PresenterProtocol.swift; sourceTree = "<group>"; };
		76C1DA95226F5086004A957C /* addDrink.swift */ = {isa = PBXFileReference; lastKnownFileType = sourcecode.swift; path = addDrink.swift; sourceTree = "<group>"; };
		76C1DA97226F6231004A957C /* undoDrinks.swift */ = {isa = PBXFileReference; lastKnownFileType = sourcecode.swift; path = undoDrinks.swift; sourceTree = "<group>"; };
		76C1DA99226F6989004A957C /* calculatePercentageOfGoal.swift */ = {isa = PBXFileReference; lastKnownFileType = sourcecode.swift; path = calculatePercentageOfGoal.swift; sourceTree = "<group>"; };
		76C1DA9B226F802A004A957C /* CoreDataManager.swift */ = {isa = PBXFileReference; lastKnownFileType = sourcecode.swift; path = CoreDataManager.swift; sourceTree = "<group>"; };
		76E51FC922A828C30060DD0A /* HealthKit.framework */ = {isa = PBXFileReference; lastKnownFileType = wrapper.framework; name = HealthKit.framework; path = System/Library/Frameworks/HealthKit.framework; sourceTree = SDKROOT; };
		76E51FCC22A829050060DD0A /* HealthKitManager.swift */ = {isa = PBXFileReference; lastKnownFileType = sourcecode.swift; path = HealthKitManager.swift; sourceTree = "<group>"; };
		76F3C460226A27B200E25C34 /* Drinky.app */ = {isa = PBXFileReference; explicitFileType = wrapper.application; includeInIndex = 0; path = Drinky.app; sourceTree = BUILT_PRODUCTS_DIR; };
		76F3C463226A27B200E25C34 /* AppDelegate.swift */ = {isa = PBXFileReference; lastKnownFileType = sourcecode.swift; path = AppDelegate.swift; sourceTree = "<group>"; };
		76F3C465226A27B200E25C34 /* CurrentAmountDrankViewController.swift */ = {isa = PBXFileReference; lastKnownFileType = sourcecode.swift; path = CurrentAmountDrankViewController.swift; sourceTree = "<group>"; };
		76F3C468226A27B200E25C34 /* Base */ = {isa = PBXFileReference; lastKnownFileType = file.storyboard; name = Base; path = Base.lproj/Main.storyboard; sourceTree = "<group>"; };
		76F3C46B226A27B200E25C34 /* Drinky.xcdatamodel */ = {isa = PBXFileReference; lastKnownFileType = wrapper.xcdatamodel; path = Drinky.xcdatamodel; sourceTree = "<group>"; };
		76F3C46D226A27B300E25C34 /* Assets.xcassets */ = {isa = PBXFileReference; lastKnownFileType = folder.assetcatalog; path = Assets.xcassets; sourceTree = "<group>"; };
		76F3C470226A27B300E25C34 /* Base */ = {isa = PBXFileReference; lastKnownFileType = file.storyboard; name = Base; path = Base.lproj/LaunchScreen.storyboard; sourceTree = "<group>"; };
		76F3C472226A27B300E25C34 /* Info.plist */ = {isa = PBXFileReference; lastKnownFileType = text.plist.xml; path = Info.plist; sourceTree = "<group>"; };
		76F3C477226A27B300E25C34 /* DrinkyTests.xctest */ = {isa = PBXFileReference; explicitFileType = wrapper.cfbundle; includeInIndex = 0; path = DrinkyTests.xctest; sourceTree = BUILT_PRODUCTS_DIR; };
		76F3C47B226A27B300E25C34 /* DrinkyTests.swift */ = {isa = PBXFileReference; lastKnownFileType = sourcecode.swift; path = DrinkyTests.swift; sourceTree = "<group>"; };
		76F3C47D226A27B300E25C34 /* Info.plist */ = {isa = PBXFileReference; lastKnownFileType = text.plist.xml; path = Info.plist; sourceTree = "<group>"; };
		76F3C482226A27B300E25C34 /* DrinkyUITests.xctest */ = {isa = PBXFileReference; explicitFileType = wrapper.cfbundle; includeInIndex = 0; path = DrinkyUITests.xctest; sourceTree = BUILT_PRODUCTS_DIR; };
		76F3C486226A27B300E25C34 /* DrinkyUITests.swift */ = {isa = PBXFileReference; lastKnownFileType = sourcecode.swift; path = DrinkyUITests.swift; sourceTree = "<group>"; };
		76F3C488226A27B300E25C34 /* Info.plist */ = {isa = PBXFileReference; lastKnownFileType = text.plist.xml; path = Info.plist; sourceTree = "<group>"; };
		76F3C497226A283500E25C34 /* CurrentAmountDrankPresenter.swift */ = {isa = PBXFileReference; lastKnownFileType = sourcecode.swift; path = CurrentAmountDrankPresenter.swift; sourceTree = "<group>"; };
		A73CAA7D6D16DA1F7A4B62BD /* Pods-DrinkyUITests.release.xcconfig */ = {isa = PBXFileReference; includeInIndex = 1; lastKnownFileType = text.xcconfig; name = "Pods-DrinkyUITests.release.xcconfig"; path = "Target Support Files/Pods-DrinkyUITests/Pods-DrinkyUITests.release.xcconfig"; sourceTree = "<group>"; };
		A89D86C38150FF647950A8EB /* Pods-Drinky.release.xcconfig */ = {isa = PBXFileReference; includeInIndex = 1; lastKnownFileType = text.xcconfig; name = "Pods-Drinky.release.xcconfig"; path = "Target Support Files/Pods-Drinky/Pods-Drinky.release.xcconfig"; sourceTree = "<group>"; };
		D8807238AF77E94F1C710B16 /* Pods-DrinkyTests.release.xcconfig */ = {isa = PBXFileReference; includeInIndex = 1; lastKnownFileType = text.xcconfig; name = "Pods-DrinkyTests.release.xcconfig"; path = "Target Support Files/Pods-DrinkyTests/Pods-DrinkyTests.release.xcconfig"; sourceTree = "<group>"; };
/* End PBXFileReference section */

/* Begin PBXFrameworksBuildPhase section */
		76085FBB22A12B620084B8E1 /* Frameworks */ = {
			isa = PBXFrameworksBuildPhase;
			buildActionMask = 2147483647;
			files = (
			);
			runOnlyForDeploymentPostprocessing = 0;
		};
		7655E34122A009B1000DCFD2 /* Frameworks */ = {
			isa = PBXFrameworksBuildPhase;
			buildActionMask = 2147483647;
			files = (
				7655E34622A009B2000DCFD2 /* NotificationCenter.framework in Frameworks */,
			);
			runOnlyForDeploymentPostprocessing = 0;
		};
		76F3C45D226A27B200E25C34 /* Frameworks */ = {
			isa = PBXFrameworksBuildPhase;
			buildActionMask = 2147483647;
			files = (
				6A596577B7CA3DD95825BB80 /* Pods_Drinky.framework in Frameworks */,
				76E51FCA22A828C30060DD0A /* HealthKit.framework in Frameworks */,
			);
			runOnlyForDeploymentPostprocessing = 0;
		};
		76F3C474226A27B300E25C34 /* Frameworks */ = {
			isa = PBXFrameworksBuildPhase;
			buildActionMask = 2147483647;
			files = (
				CC1232ACC24E7F22D2597604 /* Pods_DrinkyTests.framework in Frameworks */,
			);
			runOnlyForDeploymentPostprocessing = 0;
		};
		76F3C47F226A27B300E25C34 /* Frameworks */ = {
			isa = PBXFrameworksBuildPhase;
			buildActionMask = 2147483647;
			files = (
				A72BE0854A574683CDDC1B21 /* Pods_DrinkyUITests.framework in Frameworks */,
			);
			runOnlyForDeploymentPostprocessing = 0;
		};
/* End PBXFrameworksBuildPhase section */

/* Begin PBXGroup section */
		753B8071AAF274FC3CA3CD19 /* Frameworks */ = {
			isa = PBXGroup;
			children = (
				76E51FC922A828C30060DD0A /* HealthKit.framework */,
				492137B3FC136F7466D360BB /* Pods_Drinky.framework */,
				056F3D0531BB238F5D662380 /* Pods_DrinkyTests.framework */,
				3FDCB15E84D6827365481ACA /* Pods_DrinkyUITests.framework */,
				7655E34522A009B2000DCFD2 /* NotificationCenter.framework */,
			);
			name = Frameworks;
			sourceTree = "<group>";
		};
		76085FB322A12B610084B8E1 /* Drinky Watch */ = {
			isa = PBXGroup;
			children = (
				76085FB422A12B610084B8E1 /* Interface.storyboard */,
				76085FB722A12B620084B8E1 /* Assets.xcassets */,
				76085FB922A12B620084B8E1 /* Info.plist */,
			);
			path = "Drinky Watch";
			sourceTree = "<group>";
		};
		76085FC222A12B630084B8E1 /* Drinky Watch Extension */ = {
			isa = PBXGroup;
			children = (
				76085FDA22A12B700084B8E1 /* Drinky Watch Extension.entitlements */,
				76085FC322A12B630084B8E1 /* InterfaceController.swift */,
				76085FC522A12B630084B8E1 /* ExtensionDelegate.swift */,
				76085FC722A12B630084B8E1 /* NotificationController.swift */,
				76085FC922A12B630084B8E1 /* ComplicationController.swift */,
				76085FCB22A12B630084B8E1 /* Assets.xcassets */,
				76085FCD22A12B630084B8E1 /* Info.plist */,
				76085FCE22A12B630084B8E1 /* PushNotificationPayload.apns */,
			);
			path = "Drinky Watch Extension";
			sourceTree = "<group>";
		};
		76085FE322A1562C0084B8E1 /* Controls */ = {
			isa = PBXGroup;
			children = (
				76085FE422A156450084B8E1 /* NotificationRangeSlider.swift */,
			);
			path = Controls;
			sourceTree = "<group>";
		};
		7655E33D22A0088C000DCFD2 /* Notifications */ = {
			isa = PBXGroup;
			children = (
				7655E33E22A008A0000DCFD2 /* NotificationManager.swift */,
			);
			path = Notifications;
			sourceTree = "<group>";
		};
		7655E34722A009B2000DCFD2 /* Drinky Widget */ = {
			isa = PBXGroup;
			children = (
				7655E35E22A0332A000DCFD2 /* Drinky Widget.entitlements */,
				7655E34822A009B2000DCFD2 /* TodayViewController.swift */,
				7655E34A22A009B2000DCFD2 /* MainInterface.storyboard */,
				7655E34D22A009B2000DCFD2 /* Info.plist */,
			);
			path = "Drinky Widget";
			sourceTree = "<group>";
		};
		7655E35522A00B2E000DCFD2 /* Views */ = {
			isa = PBXGroup;
			children = (
				76B20CE9226B285500AC406A /* RoundedShadowView.swift */,
				7655E35622A00B3D000DCFD2 /* ActivityArcView.swift */,
			);
			path = Views;
			sourceTree = "<group>";
		};
		769461B5226DC35C001C254A /* CoreData */ = {
			isa = PBXGroup;
			children = (
				769461BB226DC73B001C254A /* retrieveDayEntity.swift */,
				76C1DA8E226F4BD1004A957C /* createNewDayEntity.swift */,
				76C1DA90226F4CF7004A957C /* checkIfDayEntity.swift */,
				76C1DA95226F5086004A957C /* addDrink.swift */,
				76C1DA97226F6231004A957C /* undoDrinks.swift */,
				76C1DA99226F6989004A957C /* calculatePercentageOfGoal.swift */,
				76C1DA9B226F802A004A957C /* CoreDataManager.swift */,
			);
			path = CoreData;
			sourceTree = "<group>";
		};
		769461B8226DC54D001C254A /* Extensions */ = {
			isa = PBXGroup;
			children = (
				769461B9226DC557001C254A /* DateExtension.swift */,
				7655E36522A03639000DCFD2 /* NSCustomPersistentContainer.swift */,
			);
			path = Extensions;
			sourceTree = "<group>";
		};
		76BB3B7B228B07AB00A05934 /* Drinking Progress */ = {
			isa = PBXGroup;
			children = (
				76BB3B7C228B07CE00A05934 /* evaluateAmountDrankAtTime.swift */,
			);
			path = "Drinking Progress";
			sourceTree = "<group>";
		};
		76BB3B7F228B0EC300A05934 /* Settings */ = {
			isa = PBXGroup;
			children = (
				76BB3B82228B0EDC00A05934 /* changeWakeupAndSleepTime.swift */,
				76BB3B84228B0EE900A05934 /* changeWeightAndExcersize.swift */,
				76BB3B8C228B209D00A05934 /* calculateRecommendedAmount.swift */,
			);
			path = Settings;
			sourceTree = "<group>";
		};
		76C1DA9E226F99EB004A957C /* SlideUpRoundedView */ = {
			isa = PBXGroup;
			children = (
				76B20CE5226B27D500AC406A /* SlideUpRoundedView.swift */,
				76B20CE7226B281900AC406A /* SlideUpRoundedView.xib */,
			);
			path = SlideUpRoundedView;
			sourceTree = "<group>";
		};
		76E51FCB22A828F80060DD0A /* HealthKit */ = {
			isa = PBXGroup;
			children = (
				76E51FCC22A829050060DD0A /* HealthKitManager.swift */,
			);
			path = HealthKit;
			sourceTree = "<group>";
		};
		76F3C457226A27B200E25C34 = {
			isa = PBXGroup;
			children = (
				76F3C462226A27B200E25C34 /* Drinky */,
				76F3C47A226A27B300E25C34 /* DrinkyTests */,
				76F3C485226A27B300E25C34 /* DrinkyUITests */,
				7655E34722A009B2000DCFD2 /* Drinky Widget */,
				76085FB322A12B610084B8E1 /* Drinky Watch */,
				76085FC222A12B630084B8E1 /* Drinky Watch Extension */,
				76F3C461226A27B200E25C34 /* Products */,
				A96EE9F7719D08E8E2796077 /* Pods */,
				753B8071AAF274FC3CA3CD19 /* Frameworks */,
			);
			sourceTree = "<group>";
		};
		76F3C461226A27B200E25C34 /* Products */ = {
			isa = PBXGroup;
			children = (
				76F3C460226A27B200E25C34 /* Drinky.app */,
				76F3C477226A27B300E25C34 /* DrinkyTests.xctest */,
				76F3C482226A27B300E25C34 /* DrinkyUITests.xctest */,
				7655E34422A009B1000DCFD2 /* Drinky Widget.appex */,
				76085FB222A12B610084B8E1 /* Drinky Watch.app */,
				76085FBE22A12B620084B8E1 /* Drinky Watch Extension.appex */,
			);
			name = Products;
			sourceTree = "<group>";
		};
		76F3C462226A27B200E25C34 /* Drinky */ = {
			isa = PBXGroup;
			children = (
				76085FE322A1562C0084B8E1 /* Controls */,
				7655E35F22A0337D000DCFD2 /* Drinky.entitlements */,
				7655E35522A00B2E000DCFD2 /* Views */,
				769461B8226DC54D001C254A /* Extensions */,
				76F3C49B226A2B6E00E25C34 /* XIB's */,
				76F3C49A226A288500E25C34 /* Storyboards */,
				76F3C499226A287900E25C34 /* Base Protocols */,
				76F3C496226A280700E25C34 /* Models */,
				76F3C495226A280200E25C34 /* Presenters */,
				76F3C494226A27F500E25C34 /* View Controllers */,
				76F3C463226A27B200E25C34 /* AppDelegate.swift */,
				76F3C46D226A27B300E25C34 /* Assets.xcassets */,
				76F3C472226A27B300E25C34 /* Info.plist */,
				76F3C46A226A27B200E25C34 /* Drinky.xcdatamodeld */,
				769461B6226DC386001C254A /* AppVariables.swift */,
			);
			path = Drinky;
			sourceTree = "<group>";
		};
		76F3C47A226A27B300E25C34 /* DrinkyTests */ = {
			isa = PBXGroup;
			children = (
				76F3C47B226A27B300E25C34 /* DrinkyTests.swift */,
				76F3C47D226A27B300E25C34 /* Info.plist */,
			);
			path = DrinkyTests;
			sourceTree = "<group>";
		};
		76F3C485226A27B300E25C34 /* DrinkyUITests */ = {
			isa = PBXGroup;
			children = (
				76F3C486226A27B300E25C34 /* DrinkyUITests.swift */,
				76F3C488226A27B300E25C34 /* Info.plist */,
			);
			path = DrinkyUITests;
			sourceTree = "<group>";
		};
		76F3C494226A27F500E25C34 /* View Controllers */ = {
			isa = PBXGroup;
			children = (
				76F3C465226A27B200E25C34 /* CurrentAmountDrankViewController.swift */,
				76BB3B88228B10A800A05934 /* SettingsViewController.swift */,
				76085FDF22A147B50084B8E1 /* NotificationSettingsViewController.swift */,
			);
			path = "View Controllers";
			sourceTree = "<group>";
		};
		76F3C495226A280200E25C34 /* Presenters */ = {
			isa = PBXGroup;
			children = (
				76F3C497226A283500E25C34 /* CurrentAmountDrankPresenter.swift */,
				76BB3B8A228B124F00A05934 /* SettingsPresenter.swift */,
				76085FE122A147D20084B8E1 /* NotificationSettingsPresenter.swift */,
			);
			path = Presenters;
			sourceTree = "<group>";
		};
		76F3C496226A280700E25C34 /* Models */ = {
			isa = PBXGroup;
			children = (
				76E51FCB22A828F80060DD0A /* HealthKit */,
				7655E33D22A0088C000DCFD2 /* Notifications */,
				76BB3B7F228B0EC300A05934 /* Settings */,
				76BB3B7B228B07AB00A05934 /* Drinking Progress */,
				769461B5226DC35C001C254A /* CoreData */,
			);
			path = Models;
			sourceTree = "<group>";
		};
		76F3C499226A287900E25C34 /* Base Protocols */ = {
			isa = PBXGroup;
			children = (
				76C1DA92226F4E4A004A957C /* PresenterProtocol.swift */,
			);
			path = "Base Protocols";
			sourceTree = "<group>";
		};
		76F3C49A226A288500E25C34 /* Storyboards */ = {
			isa = PBXGroup;
			children = (
				76085FDD22A146D40084B8E1 /* NotificationSettings.storyboard */,
				76F3C467226A27B200E25C34 /* Main.storyboard */,
				76F3C46F226A27B300E25C34 /* LaunchScreen.storyboard */,
				76BB3B86228B103C00A05934 /* Settings.storyboard */,
			);
			path = Storyboards;
			sourceTree = "<group>";
		};
		76F3C49B226A2B6E00E25C34 /* XIB's */ = {
			isa = PBXGroup;
			children = (
				76C1DA9E226F99EB004A957C /* SlideUpRoundedView */,
			);
			path = "XIB's";
			sourceTree = "<group>";
		};
		A96EE9F7719D08E8E2796077 /* Pods */ = {
			isa = PBXGroup;
			children = (
				3A74288FB2403F173603E6E2 /* Pods-Drinky.debug.xcconfig */,
				A89D86C38150FF647950A8EB /* Pods-Drinky.release.xcconfig */,
				1631C769B89F1C715221EF2C /* Pods-DrinkyTests.debug.xcconfig */,
				D8807238AF77E94F1C710B16 /* Pods-DrinkyTests.release.xcconfig */,
				49F65162633A9E3D7C88B14C /* Pods-DrinkyUITests.debug.xcconfig */,
				A73CAA7D6D16DA1F7A4B62BD /* Pods-DrinkyUITests.release.xcconfig */,
			);
			path = Pods;
			sourceTree = "<group>";
		};
/* End PBXGroup section */

/* Begin PBXNativeTarget section */
		76085FB122A12B610084B8E1 /* Drinky Watch */ = {
			isa = PBXNativeTarget;
			buildConfigurationList = 76085FD822A12B630084B8E1 /* Build configuration list for PBXNativeTarget "Drinky Watch" */;
			buildPhases = (
				76085FB022A12B610084B8E1 /* Resources */,
				76085FD722A12B630084B8E1 /* Embed App Extensions */,
			);
			buildRules = (
			);
			dependencies = (
				76085FC122A12B630084B8E1 /* PBXTargetDependency */,
			);
			name = "Drinky Watch";
			productName = "Drinky Watch";
			productReference = 76085FB222A12B610084B8E1 /* Drinky Watch.app */;
			productType = "com.apple.product-type.application.watchapp2";
		};
		76085FBD22A12B620084B8E1 /* Drinky Watch Extension */ = {
			isa = PBXNativeTarget;
			buildConfigurationList = 76085FD622A12B630084B8E1 /* Build configuration list for PBXNativeTarget "Drinky Watch Extension" */;
			buildPhases = (
				76085FBA22A12B620084B8E1 /* Sources */,
				76085FBB22A12B620084B8E1 /* Frameworks */,
				76085FBC22A12B620084B8E1 /* Resources */,
			);
			buildRules = (
			);
			dependencies = (
			);
			name = "Drinky Watch Extension";
			productName = "Drinky Watch Extension";
			productReference = 76085FBE22A12B620084B8E1 /* Drinky Watch Extension.appex */;
			productType = "com.apple.product-type.watchkit2-extension";
		};
		7655E34322A009B1000DCFD2 /* Drinky Widget */ = {
			isa = PBXNativeTarget;
			buildConfigurationList = 7655E35122A009B2000DCFD2 /* Build configuration list for PBXNativeTarget "Drinky Widget" */;
			buildPhases = (
				7655E34022A009B1000DCFD2 /* Sources */,
				7655E34122A009B1000DCFD2 /* Frameworks */,
				7655E34222A009B1000DCFD2 /* Resources */,
			);
			buildRules = (
			);
			dependencies = (
			);
			name = "Drinky Widget";
			productName = "Drinky Widget";
			productReference = 7655E34422A009B1000DCFD2 /* Drinky Widget.appex */;
			productType = "com.apple.product-type.app-extension";
		};
		76F3C45F226A27B200E25C34 /* Drinky */ = {
			isa = PBXNativeTarget;
			buildConfigurationList = 76F3C48B226A27B300E25C34 /* Build configuration list for PBXNativeTarget "Drinky" */;
			buildPhases = (
				F08289960A13522B95A0DC1E /* [CP] Check Pods Manifest.lock */,
				76F3C45C226A27B200E25C34 /* Sources */,
				76F3C45D226A27B200E25C34 /* Frameworks */,
				76F3C45E226A27B200E25C34 /* Resources */,
				4AB5103F01037CDB7242184A /* [CP] Embed Pods Frameworks */,
				7655E35422A009B2000DCFD2 /* Embed App Extensions */,
				76085FD922A12B630084B8E1 /* Embed Watch Content */,
			);
			buildRules = (
			);
			dependencies = (
				7655E34F22A009B2000DCFD2 /* PBXTargetDependency */,
				76085FD022A12B630084B8E1 /* PBXTargetDependency */,
			);
			name = Drinky;
			productName = Drinky;
			productReference = 76F3C460226A27B200E25C34 /* Drinky.app */;
			productType = "com.apple.product-type.application";
		};
		76F3C476226A27B300E25C34 /* DrinkyTests */ = {
			isa = PBXNativeTarget;
			buildConfigurationList = 76F3C48E226A27B300E25C34 /* Build configuration list for PBXNativeTarget "DrinkyTests" */;
			buildPhases = (
				EAEAD25655810A0E364E527D /* [CP] Check Pods Manifest.lock */,
				76F3C473226A27B300E25C34 /* Sources */,
				76F3C474226A27B300E25C34 /* Frameworks */,
				76F3C475226A27B300E25C34 /* Resources */,
			);
			buildRules = (
			);
			dependencies = (
				76F3C479226A27B300E25C34 /* PBXTargetDependency */,
			);
			name = DrinkyTests;
			productName = DrinkyTests;
			productReference = 76F3C477226A27B300E25C34 /* DrinkyTests.xctest */;
			productType = "com.apple.product-type.bundle.unit-test";
		};
		76F3C481226A27B300E25C34 /* DrinkyUITests */ = {
			isa = PBXNativeTarget;
			buildConfigurationList = 76F3C491226A27B300E25C34 /* Build configuration list for PBXNativeTarget "DrinkyUITests" */;
			buildPhases = (
				BD5E5AEFDF11F82F4D03DBCE /* [CP] Check Pods Manifest.lock */,
				76F3C47E226A27B300E25C34 /* Sources */,
				76F3C47F226A27B300E25C34 /* Frameworks */,
				76F3C480226A27B300E25C34 /* Resources */,
			);
			buildRules = (
			);
			dependencies = (
				76F3C484226A27B300E25C34 /* PBXTargetDependency */,
			);
			name = DrinkyUITests;
			productName = DrinkyUITests;
			productReference = 76F3C482226A27B300E25C34 /* DrinkyUITests.xctest */;
			productType = "com.apple.product-type.bundle.ui-testing";
		};
/* End PBXNativeTarget section */

/* Begin PBXProject section */
		76F3C458226A27B200E25C34 /* Project object */ = {
			isa = PBXProject;
			attributes = {
				LastSwiftUpdateCheck = 1020;
				LastUpgradeCheck = 1020;
				ORGANIZATIONNAME = "Thijs van der Heijden";
				TargetAttributes = {
					76085FB122A12B610084B8E1 = {
						CreatedOnToolsVersion = 10.2.1;
					};
					76085FBD22A12B620084B8E1 = {
						CreatedOnToolsVersion = 10.2.1;
						SystemCapabilities = {
							com.apple.ApplicationGroups.iOS = {
								enabled = 1;
							};
						};
					};
					7655E34322A009B1000DCFD2 = {
						CreatedOnToolsVersion = 10.2.1;
						SystemCapabilities = {
							com.apple.ApplicationGroups.iOS = {
								enabled = 1;
							};
						};
					};
					76F3C45F226A27B200E25C34 = {
						CreatedOnToolsVersion = 10.2;
						SystemCapabilities = {
							com.apple.ApplicationGroups.iOS = {
								enabled = 1;
							};
							com.apple.HealthKit = {
								enabled = 1;
							};
						};
					};
					76F3C476226A27B300E25C34 = {
						CreatedOnToolsVersion = 10.2;
						TestTargetID = 76F3C45F226A27B200E25C34;
					};
					76F3C481226A27B300E25C34 = {
						CreatedOnToolsVersion = 10.2;
						TestTargetID = 76F3C45F226A27B200E25C34;
					};
				};
			};
			buildConfigurationList = 76F3C45B226A27B200E25C34 /* Build configuration list for PBXProject "Drinky" */;
			compatibilityVersion = "Xcode 9.3";
			developmentRegion = en;
			hasScannedForEncodings = 0;
			knownRegions = (
				en,
				Base,
			);
			mainGroup = 76F3C457226A27B200E25C34;
			productRefGroup = 76F3C461226A27B200E25C34 /* Products */;
			projectDirPath = "";
			projectRoot = "";
			targets = (
				76F3C45F226A27B200E25C34 /* Drinky */,
				76F3C476226A27B300E25C34 /* DrinkyTests */,
				76F3C481226A27B300E25C34 /* DrinkyUITests */,
				7655E34322A009B1000DCFD2 /* Drinky Widget */,
				76085FB122A12B610084B8E1 /* Drinky Watch */,
				76085FBD22A12B620084B8E1 /* Drinky Watch Extension */,
			);
		};
/* End PBXProject section */

/* Begin PBXResourcesBuildPhase section */
		76085FB022A12B610084B8E1 /* Resources */ = {
			isa = PBXResourcesBuildPhase;
			buildActionMask = 2147483647;
			files = (
				76085FB822A12B620084B8E1 /* Assets.xcassets in Resources */,
				76085FB622A12B610084B8E1 /* Interface.storyboard in Resources */,
			);
			runOnlyForDeploymentPostprocessing = 0;
		};
		76085FBC22A12B620084B8E1 /* Resources */ = {
			isa = PBXResourcesBuildPhase;
			buildActionMask = 2147483647;
			files = (
				76085FCC22A12B630084B8E1 /* Assets.xcassets in Resources */,
			);
			runOnlyForDeploymentPostprocessing = 0;
		};
		7655E34222A009B1000DCFD2 /* Resources */ = {
			isa = PBXResourcesBuildPhase;
			buildActionMask = 2147483647;
			files = (
				7655E34C22A009B2000DCFD2 /* MainInterface.storyboard in Resources */,
			);
			runOnlyForDeploymentPostprocessing = 0;
		};
		76F3C45E226A27B200E25C34 /* Resources */ = {
			isa = PBXResourcesBuildPhase;
			buildActionMask = 2147483647;
			files = (
				76085FDE22A146D40084B8E1 /* NotificationSettings.storyboard in Resources */,
				76F3C471226A27B300E25C34 /* LaunchScreen.storyboard in Resources */,
				76B20CE8226B281900AC406A /* SlideUpRoundedView.xib in Resources */,
				76F3C46E226A27B300E25C34 /* Assets.xcassets in Resources */,
				76F3C469226A27B200E25C34 /* Main.storyboard in Resources */,
				76BB3B87228B103C00A05934 /* Settings.storyboard in Resources */,
			);
			runOnlyForDeploymentPostprocessing = 0;
		};
		76F3C475226A27B300E25C34 /* Resources */ = {
			isa = PBXResourcesBuildPhase;
			buildActionMask = 2147483647;
			files = (
			);
			runOnlyForDeploymentPostprocessing = 0;
		};
		76F3C480226A27B300E25C34 /* Resources */ = {
			isa = PBXResourcesBuildPhase;
			buildActionMask = 2147483647;
			files = (
			);
			runOnlyForDeploymentPostprocessing = 0;
		};
/* End PBXResourcesBuildPhase section */

/* Begin PBXShellScriptBuildPhase section */
		4AB5103F01037CDB7242184A /* [CP] Embed Pods Frameworks */ = {
			isa = PBXShellScriptBuildPhase;
			buildActionMask = 2147483647;
			files = (
			);
			inputFileListPaths = (
			);
			inputPaths = (
				"${PODS_ROOT}/Target Support Files/Pods-Drinky/Pods-Drinky-frameworks.sh",
				"${BUILT_PRODUCTS_DIR}/BAFluidView/BAFluidView.framework",
			);
			name = "[CP] Embed Pods Frameworks";
			outputFileListPaths = (
			);
			outputPaths = (
				"${TARGET_BUILD_DIR}/${FRAMEWORKS_FOLDER_PATH}/BAFluidView.framework",
			);
			runOnlyForDeploymentPostprocessing = 0;
			shellPath = /bin/sh;
			shellScript = "\"${PODS_ROOT}/Target Support Files/Pods-Drinky/Pods-Drinky-frameworks.sh\"\n";
			showEnvVarsInLog = 0;
		};
		BD5E5AEFDF11F82F4D03DBCE /* [CP] Check Pods Manifest.lock */ = {
			isa = PBXShellScriptBuildPhase;
			buildActionMask = 2147483647;
			files = (
			);
			inputFileListPaths = (
			);
			inputPaths = (
				"${PODS_PODFILE_DIR_PATH}/Podfile.lock",
				"${PODS_ROOT}/Manifest.lock",
			);
			name = "[CP] Check Pods Manifest.lock";
			outputFileListPaths = (
			);
			outputPaths = (
				"$(DERIVED_FILE_DIR)/Pods-DrinkyUITests-checkManifestLockResult.txt",
			);
			runOnlyForDeploymentPostprocessing = 0;
			shellPath = /bin/sh;
			shellScript = "diff \"${PODS_PODFILE_DIR_PATH}/Podfile.lock\" \"${PODS_ROOT}/Manifest.lock\" > /dev/null\nif [ $? != 0 ] ; then\n    # print error to STDERR\n    echo \"error: The sandbox is not in sync with the Podfile.lock. Run 'pod install' or update your CocoaPods installation.\" >&2\n    exit 1\nfi\n# This output is used by Xcode 'outputs' to avoid re-running this script phase.\necho \"SUCCESS\" > \"${SCRIPT_OUTPUT_FILE_0}\"\n";
			showEnvVarsInLog = 0;
		};
		EAEAD25655810A0E364E527D /* [CP] Check Pods Manifest.lock */ = {
			isa = PBXShellScriptBuildPhase;
			buildActionMask = 2147483647;
			files = (
			);
			inputFileListPaths = (
			);
			inputPaths = (
				"${PODS_PODFILE_DIR_PATH}/Podfile.lock",
				"${PODS_ROOT}/Manifest.lock",
			);
			name = "[CP] Check Pods Manifest.lock";
			outputFileListPaths = (
			);
			outputPaths = (
				"$(DERIVED_FILE_DIR)/Pods-DrinkyTests-checkManifestLockResult.txt",
			);
			runOnlyForDeploymentPostprocessing = 0;
			shellPath = /bin/sh;
			shellScript = "diff \"${PODS_PODFILE_DIR_PATH}/Podfile.lock\" \"${PODS_ROOT}/Manifest.lock\" > /dev/null\nif [ $? != 0 ] ; then\n    # print error to STDERR\n    echo \"error: The sandbox is not in sync with the Podfile.lock. Run 'pod install' or update your CocoaPods installation.\" >&2\n    exit 1\nfi\n# This output is used by Xcode 'outputs' to avoid re-running this script phase.\necho \"SUCCESS\" > \"${SCRIPT_OUTPUT_FILE_0}\"\n";
			showEnvVarsInLog = 0;
		};
		F08289960A13522B95A0DC1E /* [CP] Check Pods Manifest.lock */ = {
			isa = PBXShellScriptBuildPhase;
			buildActionMask = 2147483647;
			files = (
			);
			inputFileListPaths = (
			);
			inputPaths = (
				"${PODS_PODFILE_DIR_PATH}/Podfile.lock",
				"${PODS_ROOT}/Manifest.lock",
			);
			name = "[CP] Check Pods Manifest.lock";
			outputFileListPaths = (
			);
			outputPaths = (
				"$(DERIVED_FILE_DIR)/Pods-Drinky-checkManifestLockResult.txt",
			);
			runOnlyForDeploymentPostprocessing = 0;
			shellPath = /bin/sh;
			shellScript = "diff \"${PODS_PODFILE_DIR_PATH}/Podfile.lock\" \"${PODS_ROOT}/Manifest.lock\" > /dev/null\nif [ $? != 0 ] ; then\n    # print error to STDERR\n    echo \"error: The sandbox is not in sync with the Podfile.lock. Run 'pod install' or update your CocoaPods installation.\" >&2\n    exit 1\nfi\n# This output is used by Xcode 'outputs' to avoid re-running this script phase.\necho \"SUCCESS\" > \"${SCRIPT_OUTPUT_FILE_0}\"\n";
			showEnvVarsInLog = 0;
		};
/* End PBXShellScriptBuildPhase section */

/* Begin PBXSourcesBuildPhase section */
		76085FBA22A12B620084B8E1 /* Sources */ = {
			isa = PBXSourcesBuildPhase;
			buildActionMask = 2147483647;
			files = (
				76085FC822A12B630084B8E1 /* NotificationController.swift in Sources */,
				76085FCA22A12B630084B8E1 /* ComplicationController.swift in Sources */,
				76085FC622A12B630084B8E1 /* ExtensionDelegate.swift in Sources */,
				76085FC422A12B630084B8E1 /* InterfaceController.swift in Sources */,
			);
			runOnlyForDeploymentPostprocessing = 0;
		};
		7655E34022A009B1000DCFD2 /* Sources */ = {
			isa = PBXSourcesBuildPhase;
			buildActionMask = 2147483647;
			files = (
				767904A022A03AF7005C8520 /* NSCustomPersistentContainer.swift in Sources */,
				7679049F22A03AF0005C8520 /* CoreDataManager.swift in Sources */,
				7655E36222A03435000DCFD2 /* Drinky.xcdatamodeld in Sources */,
				7679049E22A03ACD005C8520 /* DateExtension.swift in Sources */,
				76085FDB22A133130084B8E1 /* RoundedShadowView.swift in Sources */,
				7655E36822A03A37000DCFD2 /* ActivityArcView.swift in Sources */,
				7655E36122A0340E000DCFD2 /* TodayViewController.swift in Sources */,
				7679049D22A03ACA005C8520 /* retrieveDayEntity.swift in Sources */,
			);
			runOnlyForDeploymentPostprocessing = 0;
		};
		76F3C45C226A27B200E25C34 /* Sources */ = {
			isa = PBXSourcesBuildPhase;
			buildActionMask = 2147483647;
			files = (
				76BB3B8D228B209D00A05934 /* calculateRecommendedAmount.swift in Sources */,
				76F3C466226A27B200E25C34 /* CurrentAmountDrankViewController.swift in Sources */,
				76085FE222A147D20084B8E1 /* NotificationSettingsPresenter.swift in Sources */,
				76085FE522A156450084B8E1 /* NotificationRangeSlider.swift in Sources */,
				76C1DA96226F5086004A957C /* addDrink.swift in Sources */,
				76F3C46C226A27B200E25C34 /* Drinky.xcdatamodeld in Sources */,
				76BB3B89228B10A800A05934 /* SettingsViewController.swift in Sources */,
				769461BC226DC73B001C254A /* retrieveDayEntity.swift in Sources */,
				76C1DA8F226F4BD1004A957C /* createNewDayEntity.swift in Sources */,
				76C1DA98226F6231004A957C /* undoDrinks.swift in Sources */,
				76C1DA91226F4CF7004A957C /* checkIfDayEntity.swift in Sources */,
				76BB3B83228B0EDC00A05934 /* changeWakeupAndSleepTime.swift in Sources */,
				76B20CEA226B285500AC406A /* RoundedShadowView.swift in Sources */,
				769461BA226DC557001C254A /* DateExtension.swift in Sources */,
				76B20CE6226B27D500AC406A /* SlideUpRoundedView.swift in Sources */,
				76BB3B85228B0EE900A05934 /* changeWeightAndExcersize.swift in Sources */,
				76F3C464226A27B200E25C34 /* AppDelegate.swift in Sources */,
				76E51FCD22A829050060DD0A /* HealthKitManager.swift in Sources */,
				76C1DA93226F4E4A004A957C /* PresenterProtocol.swift in Sources */,
				76085FE022A147B50084B8E1 /* NotificationSettingsViewController.swift in Sources */,
				7655E36622A03639000DCFD2 /* NSCustomPersistentContainer.swift in Sources */,
				76F3C498226A283500E25C34 /* CurrentAmountDrankPresenter.swift in Sources */,
				76BB3B7D228B07CE00A05934 /* evaluateAmountDrankAtTime.swift in Sources */,
				76C1DA9A226F6989004A957C /* calculatePercentageOfGoal.swift in Sources */,
				76C1DA9C226F802A004A957C /* CoreDataManager.swift in Sources */,
				769461B7226DC386001C254A /* AppVariables.swift in Sources */,
				76BB3B8B228B124F00A05934 /* SettingsPresenter.swift in Sources */,
				7655E35722A00B3D000DCFD2 /* ActivityArcView.swift in Sources */,
				7655E33F22A008A0000DCFD2 /* NotificationManager.swift in Sources */,
			);
			runOnlyForDeploymentPostprocessing = 0;
		};
		76F3C473226A27B300E25C34 /* Sources */ = {
			isa = PBXSourcesBuildPhase;
			buildActionMask = 2147483647;
			files = (
				76F3C47C226A27B300E25C34 /* DrinkyTests.swift in Sources */,
			);
			runOnlyForDeploymentPostprocessing = 0;
		};
		76F3C47E226A27B300E25C34 /* Sources */ = {
			isa = PBXSourcesBuildPhase;
			buildActionMask = 2147483647;
			files = (
				76F3C487226A27B300E25C34 /* DrinkyUITests.swift in Sources */,
			);
			runOnlyForDeploymentPostprocessing = 0;
		};
/* End PBXSourcesBuildPhase section */

/* Begin PBXTargetDependency section */
		76085FC122A12B630084B8E1 /* PBXTargetDependency */ = {
			isa = PBXTargetDependency;
			target = 76085FBD22A12B620084B8E1 /* Drinky Watch Extension */;
			targetProxy = 76085FC022A12B630084B8E1 /* PBXContainerItemProxy */;
		};
		76085FD022A12B630084B8E1 /* PBXTargetDependency */ = {
			isa = PBXTargetDependency;
			target = 76085FB122A12B610084B8E1 /* Drinky Watch */;
			targetProxy = 76085FCF22A12B630084B8E1 /* PBXContainerItemProxy */;
		};
		7655E34F22A009B2000DCFD2 /* PBXTargetDependency */ = {
			isa = PBXTargetDependency;
			target = 7655E34322A009B1000DCFD2 /* Drinky Widget */;
			targetProxy = 7655E34E22A009B2000DCFD2 /* PBXContainerItemProxy */;
		};
		76F3C479226A27B300E25C34 /* PBXTargetDependency */ = {
			isa = PBXTargetDependency;
			target = 76F3C45F226A27B200E25C34 /* Drinky */;
			targetProxy = 76F3C478226A27B300E25C34 /* PBXContainerItemProxy */;
		};
		76F3C484226A27B300E25C34 /* PBXTargetDependency */ = {
			isa = PBXTargetDependency;
			target = 76F3C45F226A27B200E25C34 /* Drinky */;
			targetProxy = 76F3C483226A27B300E25C34 /* PBXContainerItemProxy */;
		};
/* End PBXTargetDependency section */

/* Begin PBXVariantGroup section */
		76085FB422A12B610084B8E1 /* Interface.storyboard */ = {
			isa = PBXVariantGroup;
			children = (
				76085FB522A12B610084B8E1 /* Base */,
			);
			name = Interface.storyboard;
			sourceTree = "<group>";
		};
		7655E34A22A009B2000DCFD2 /* MainInterface.storyboard */ = {
			isa = PBXVariantGroup;
			children = (
				7655E34B22A009B2000DCFD2 /* Base */,
			);
			name = MainInterface.storyboard;
			sourceTree = "<group>";
		};
		76F3C467226A27B200E25C34 /* Main.storyboard */ = {
			isa = PBXVariantGroup;
			children = (
				76F3C468226A27B200E25C34 /* Base */,
			);
			name = Main.storyboard;
			sourceTree = "<group>";
		};
		76F3C46F226A27B300E25C34 /* LaunchScreen.storyboard */ = {
			isa = PBXVariantGroup;
			children = (
				76F3C470226A27B300E25C34 /* Base */,
			);
			name = LaunchScreen.storyboard;
			sourceTree = "<group>";
		};
/* End PBXVariantGroup section */

/* Begin XCBuildConfiguration section */
		76085FD222A12B630084B8E1 /* Debug */ = {
			isa = XCBuildConfiguration;
			buildSettings = {
				ALWAYS_EMBED_SWIFT_STANDARD_LIBRARIES = YES;
				ASSETCATALOG_COMPILER_APPICON_NAME = AppIcon;
				CODE_SIGN_STYLE = Automatic;
				DEVELOPMENT_TEAM = 25N3QHSSX3;
				IBSC_MODULE = Drinky_Watch_Extension;
				INFOPLIST_FILE = "Drinky Watch/Info.plist";
				PRODUCT_BUNDLE_IDENTIFIER = eu.thijsvanderheijden.Drinky.watchkitapp;
				PRODUCT_NAME = "$(TARGET_NAME)";
				SDKROOT = watchos;
				SKIP_INSTALL = YES;
				SWIFT_VERSION = 5.0;
				TARGETED_DEVICE_FAMILY = 4;
				WATCHOS_DEPLOYMENT_TARGET = 5.2;
			};
			name = Debug;
		};
		76085FD322A12B630084B8E1 /* Release */ = {
			isa = XCBuildConfiguration;
			buildSettings = {
				ALWAYS_EMBED_SWIFT_STANDARD_LIBRARIES = YES;
				ASSETCATALOG_COMPILER_APPICON_NAME = AppIcon;
				CODE_SIGN_STYLE = Automatic;
				DEVELOPMENT_TEAM = 25N3QHSSX3;
				IBSC_MODULE = Drinky_Watch_Extension;
				INFOPLIST_FILE = "Drinky Watch/Info.plist";
				PRODUCT_BUNDLE_IDENTIFIER = eu.thijsvanderheijden.Drinky.watchkitapp;
				PRODUCT_NAME = "$(TARGET_NAME)";
				SDKROOT = watchos;
				SKIP_INSTALL = YES;
				SWIFT_VERSION = 5.0;
				TARGETED_DEVICE_FAMILY = 4;
				WATCHOS_DEPLOYMENT_TARGET = 5.2;
			};
			name = Release;
		};
		76085FD422A12B630084B8E1 /* Debug */ = {
			isa = XCBuildConfiguration;
			buildSettings = {
				ASSETCATALOG_COMPILER_COMPLICATION_NAME = Complication;
				CODE_SIGN_ENTITLEMENTS = "Drinky Watch Extension/Drinky Watch Extension.entitlements";
				CODE_SIGN_STYLE = Automatic;
				DEVELOPMENT_TEAM = 25N3QHSSX3;
				INFOPLIST_FILE = "Drinky Watch Extension/Info.plist";
				LD_RUNPATH_SEARCH_PATHS = (
					"$(inherited)",
					"@executable_path/Frameworks",
					"@executable_path/../../Frameworks",
				);
				PRODUCT_BUNDLE_IDENTIFIER = eu.thijsvanderheijden.Drinky.watchkitapp.watchkitextension;
				PRODUCT_NAME = "${TARGET_NAME}";
				SDKROOT = watchos;
				SKIP_INSTALL = YES;
				SWIFT_VERSION = 5.0;
				TARGETED_DEVICE_FAMILY = 4;
				WATCHOS_DEPLOYMENT_TARGET = 5.2;
			};
			name = Debug;
		};
		76085FD522A12B630084B8E1 /* Release */ = {
			isa = XCBuildConfiguration;
			buildSettings = {
				ASSETCATALOG_COMPILER_COMPLICATION_NAME = Complication;
				CODE_SIGN_ENTITLEMENTS = "Drinky Watch Extension/Drinky Watch Extension.entitlements";
				CODE_SIGN_STYLE = Automatic;
				DEVELOPMENT_TEAM = 25N3QHSSX3;
				INFOPLIST_FILE = "Drinky Watch Extension/Info.plist";
				LD_RUNPATH_SEARCH_PATHS = (
					"$(inherited)",
					"@executable_path/Frameworks",
					"@executable_path/../../Frameworks",
				);
				PRODUCT_BUNDLE_IDENTIFIER = eu.thijsvanderheijden.Drinky.watchkitapp.watchkitextension;
				PRODUCT_NAME = "${TARGET_NAME}";
				SDKROOT = watchos;
				SKIP_INSTALL = YES;
				SWIFT_VERSION = 5.0;
				TARGETED_DEVICE_FAMILY = 4;
				WATCHOS_DEPLOYMENT_TARGET = 5.2;
			};
			name = Release;
		};
		7655E35222A009B2000DCFD2 /* Debug */ = {
			isa = XCBuildConfiguration;
			buildSettings = {
				CODE_SIGN_ENTITLEMENTS = "Drinky Widget/Drinky Widget.entitlements";
				CODE_SIGN_STYLE = Automatic;
				DEVELOPMENT_TEAM = 25N3QHSSX3;
				INFOPLIST_FILE = "Drinky Widget/Info.plist";
				IPHONEOS_DEPLOYMENT_TARGET = 12.0;
				LD_RUNPATH_SEARCH_PATHS = (
					"$(inherited)",
					"@executable_path/Frameworks",
					"@executable_path/../../Frameworks",
				);
				PRODUCT_BUNDLE_IDENTIFIER = "eu.thijsvanderheijden.Drinky.Drinky-Widget";
				PRODUCT_NAME = "$(TARGET_NAME)";
				SKIP_INSTALL = YES;
				SWIFT_VERSION = 5.0;
				TARGETED_DEVICE_FAMILY = "1,2";
			};
			name = Debug;
		};
		7655E35322A009B2000DCFD2 /* Release */ = {
			isa = XCBuildConfiguration;
			buildSettings = {
				CODE_SIGN_ENTITLEMENTS = "Drinky Widget/Drinky Widget.entitlements";
				CODE_SIGN_STYLE = Automatic;
				DEVELOPMENT_TEAM = 25N3QHSSX3;
				INFOPLIST_FILE = "Drinky Widget/Info.plist";
				IPHONEOS_DEPLOYMENT_TARGET = 12.0;
				LD_RUNPATH_SEARCH_PATHS = (
					"$(inherited)",
					"@executable_path/Frameworks",
					"@executable_path/../../Frameworks",
				);
				PRODUCT_BUNDLE_IDENTIFIER = "eu.thijsvanderheijden.Drinky.Drinky-Widget";
				PRODUCT_NAME = "$(TARGET_NAME)";
				SKIP_INSTALL = YES;
				SWIFT_VERSION = 5.0;
				TARGETED_DEVICE_FAMILY = "1,2";
			};
			name = Release;
		};
		76F3C489226A27B300E25C34 /* Debug */ = {
			isa = XCBuildConfiguration;
			buildSettings = {
				ALWAYS_SEARCH_USER_PATHS = NO;
				CLANG_ANALYZER_NONNULL = YES;
				CLANG_ANALYZER_NUMBER_OBJECT_CONVERSION = YES_AGGRESSIVE;
				CLANG_CXX_LANGUAGE_STANDARD = "gnu++14";
				CLANG_CXX_LIBRARY = "libc++";
				CLANG_ENABLE_MODULES = YES;
				CLANG_ENABLE_OBJC_ARC = YES;
				CLANG_ENABLE_OBJC_WEAK = YES;
				CLANG_WARN_BLOCK_CAPTURE_AUTORELEASING = YES;
				CLANG_WARN_BOOL_CONVERSION = YES;
				CLANG_WARN_COMMA = YES;
				CLANG_WARN_CONSTANT_CONVERSION = YES;
				CLANG_WARN_DEPRECATED_OBJC_IMPLEMENTATIONS = YES;
				CLANG_WARN_DIRECT_OBJC_ISA_USAGE = YES_ERROR;
				CLANG_WARN_DOCUMENTATION_COMMENTS = YES;
				CLANG_WARN_EMPTY_BODY = YES;
				CLANG_WARN_ENUM_CONVERSION = YES;
				CLANG_WARN_INFINITE_RECURSION = YES;
				CLANG_WARN_INT_CONVERSION = YES;
				CLANG_WARN_NON_LITERAL_NULL_CONVERSION = YES;
				CLANG_WARN_OBJC_IMPLICIT_RETAIN_SELF = YES;
				CLANG_WARN_OBJC_LITERAL_CONVERSION = YES;
				CLANG_WARN_OBJC_ROOT_CLASS = YES_ERROR;
				CLANG_WARN_RANGE_LOOP_ANALYSIS = YES;
				CLANG_WARN_STRICT_PROTOTYPES = YES;
				CLANG_WARN_SUSPICIOUS_MOVE = YES;
				CLANG_WARN_UNGUARDED_AVAILABILITY = YES_AGGRESSIVE;
				CLANG_WARN_UNREACHABLE_CODE = YES;
				CLANG_WARN__DUPLICATE_METHOD_MATCH = YES;
				CODE_SIGN_IDENTITY = "iPhone Developer";
				COPY_PHASE_STRIP = NO;
				DEBUG_INFORMATION_FORMAT = dwarf;
				ENABLE_STRICT_OBJC_MSGSEND = YES;
				ENABLE_TESTABILITY = YES;
				GCC_C_LANGUAGE_STANDARD = gnu11;
				GCC_DYNAMIC_NO_PIC = NO;
				GCC_NO_COMMON_BLOCKS = YES;
				GCC_OPTIMIZATION_LEVEL = 0;
				GCC_PREPROCESSOR_DEFINITIONS = (
					"DEBUG=1",
					"$(inherited)",
				);
				GCC_WARN_64_TO_32_BIT_CONVERSION = YES;
				GCC_WARN_ABOUT_RETURN_TYPE = YES_ERROR;
				GCC_WARN_UNDECLARED_SELECTOR = YES;
				GCC_WARN_UNINITIALIZED_AUTOS = YES_AGGRESSIVE;
				GCC_WARN_UNUSED_FUNCTION = YES;
				GCC_WARN_UNUSED_VARIABLE = YES;
				IPHONEOS_DEPLOYMENT_TARGET = 12.2;
				MTL_ENABLE_DEBUG_INFO = INCLUDE_SOURCE;
				MTL_FAST_MATH = YES;
				ONLY_ACTIVE_ARCH = YES;
				SDKROOT = iphoneos;
				SWIFT_ACTIVE_COMPILATION_CONDITIONS = DEBUG;
				SWIFT_OPTIMIZATION_LEVEL = "-Onone";
			};
			name = Debug;
		};
		76F3C48A226A27B300E25C34 /* Release */ = {
			isa = XCBuildConfiguration;
			buildSettings = {
				ALWAYS_SEARCH_USER_PATHS = NO;
				CLANG_ANALYZER_NONNULL = YES;
				CLANG_ANALYZER_NUMBER_OBJECT_CONVERSION = YES_AGGRESSIVE;
				CLANG_CXX_LANGUAGE_STANDARD = "gnu++14";
				CLANG_CXX_LIBRARY = "libc++";
				CLANG_ENABLE_MODULES = YES;
				CLANG_ENABLE_OBJC_ARC = YES;
				CLANG_ENABLE_OBJC_WEAK = YES;
				CLANG_WARN_BLOCK_CAPTURE_AUTORELEASING = YES;
				CLANG_WARN_BOOL_CONVERSION = YES;
				CLANG_WARN_COMMA = YES;
				CLANG_WARN_CONSTANT_CONVERSION = YES;
				CLANG_WARN_DEPRECATED_OBJC_IMPLEMENTATIONS = YES;
				CLANG_WARN_DIRECT_OBJC_ISA_USAGE = YES_ERROR;
				CLANG_WARN_DOCUMENTATION_COMMENTS = YES;
				CLANG_WARN_EMPTY_BODY = YES;
				CLANG_WARN_ENUM_CONVERSION = YES;
				CLANG_WARN_INFINITE_RECURSION = YES;
				CLANG_WARN_INT_CONVERSION = YES;
				CLANG_WARN_NON_LITERAL_NULL_CONVERSION = YES;
				CLANG_WARN_OBJC_IMPLICIT_RETAIN_SELF = YES;
				CLANG_WARN_OBJC_LITERAL_CONVERSION = YES;
				CLANG_WARN_OBJC_ROOT_CLASS = YES_ERROR;
				CLANG_WARN_RANGE_LOOP_ANALYSIS = YES;
				CLANG_WARN_STRICT_PROTOTYPES = YES;
				CLANG_WARN_SUSPICIOUS_MOVE = YES;
				CLANG_WARN_UNGUARDED_AVAILABILITY = YES_AGGRESSIVE;
				CLANG_WARN_UNREACHABLE_CODE = YES;
				CLANG_WARN__DUPLICATE_METHOD_MATCH = YES;
				CODE_SIGN_IDENTITY = "iPhone Developer";
				COPY_PHASE_STRIP = NO;
				DEBUG_INFORMATION_FORMAT = "dwarf-with-dsym";
				ENABLE_NS_ASSERTIONS = NO;
				ENABLE_STRICT_OBJC_MSGSEND = YES;
				GCC_C_LANGUAGE_STANDARD = gnu11;
				GCC_NO_COMMON_BLOCKS = YES;
				GCC_WARN_64_TO_32_BIT_CONVERSION = YES;
				GCC_WARN_ABOUT_RETURN_TYPE = YES_ERROR;
				GCC_WARN_UNDECLARED_SELECTOR = YES;
				GCC_WARN_UNINITIALIZED_AUTOS = YES_AGGRESSIVE;
				GCC_WARN_UNUSED_FUNCTION = YES;
				GCC_WARN_UNUSED_VARIABLE = YES;
				IPHONEOS_DEPLOYMENT_TARGET = 12.2;
				MTL_ENABLE_DEBUG_INFO = NO;
				MTL_FAST_MATH = YES;
				SDKROOT = iphoneos;
				SWIFT_COMPILATION_MODE = wholemodule;
				SWIFT_OPTIMIZATION_LEVEL = "-O";
				VALIDATE_PRODUCT = YES;
			};
			name = Release;
		};
		76F3C48C226A27B300E25C34 /* Debug */ = {
			isa = XCBuildConfiguration;
			baseConfigurationReference = 3A74288FB2403F173603E6E2 /* Pods-Drinky.debug.xcconfig */;
			buildSettings = {
				ALWAYS_EMBED_SWIFT_STANDARD_LIBRARIES = YES;
				ASSETCATALOG_COMPILER_APPICON_NAME = AppIcon;
				CODE_SIGN_ENTITLEMENTS = Drinky/Drinky.entitlements;
				CODE_SIGN_STYLE = Automatic;
				DEVELOPMENT_TEAM = 25N3QHSSX3;
				INFOPLIST_FILE = Drinky/Info.plist;
				IPHONEOS_DEPLOYMENT_TARGET = 12.0;
				LD_RUNPATH_SEARCH_PATHS = (
					"$(inherited)",
					"@executable_path/Frameworks",
				);
				PRODUCT_BUNDLE_IDENTIFIER = eu.thijsvanderheijden.Drinky;
				PRODUCT_NAME = "$(TARGET_NAME)";
				SWIFT_VERSION = 5.0;
				TARGETED_DEVICE_FAMILY = "1,2";
			};
			name = Debug;
		};
		76F3C48D226A27B300E25C34 /* Release */ = {
			isa = XCBuildConfiguration;
			baseConfigurationReference = A89D86C38150FF647950A8EB /* Pods-Drinky.release.xcconfig */;
			buildSettings = {
				ALWAYS_EMBED_SWIFT_STANDARD_LIBRARIES = YES;
				ASSETCATALOG_COMPILER_APPICON_NAME = AppIcon;
				CODE_SIGN_ENTITLEMENTS = Drinky/Drinky.entitlements;
				CODE_SIGN_STYLE = Automatic;
				DEVELOPMENT_TEAM = 25N3QHSSX3;
				INFOPLIST_FILE = Drinky/Info.plist;
				IPHONEOS_DEPLOYMENT_TARGET = 12.0;
				LD_RUNPATH_SEARCH_PATHS = (
					"$(inherited)",
					"@executable_path/Frameworks",
				);
				PRODUCT_BUNDLE_IDENTIFIER = eu.thijsvanderheijden.Drinky;
				PRODUCT_NAME = "$(TARGET_NAME)";
				SWIFT_VERSION = 5.0;
				TARGETED_DEVICE_FAMILY = "1,2";
			};
			name = Release;
		};
		76F3C48F226A27B300E25C34 /* Debug */ = {
			isa = XCBuildConfiguration;
			baseConfigurationReference = 1631C769B89F1C715221EF2C /* Pods-DrinkyTests.debug.xcconfig */;
			buildSettings = {
				ALWAYS_EMBED_SWIFT_STANDARD_LIBRARIES = YES;
				BUNDLE_LOADER = "$(TEST_HOST)";
				CODE_SIGN_STYLE = Automatic;
				DEVELOPMENT_TEAM = 25N3QHSSX3;
				INFOPLIST_FILE = DrinkyTests/Info.plist;
				LD_RUNPATH_SEARCH_PATHS = (
					"$(inherited)",
					"@executable_path/Frameworks",
					"@loader_path/Frameworks",
				);
				PRODUCT_BUNDLE_IDENTIFIER = eu.thijsvanderheijden.DrinkyTests;
				PRODUCT_NAME = "$(TARGET_NAME)";
				SWIFT_VERSION = 5.0;
				TARGETED_DEVICE_FAMILY = "1,2";
				TEST_HOST = "$(BUILT_PRODUCTS_DIR)/Drinky.app/Drinky";
			};
			name = Debug;
		};
		76F3C490226A27B300E25C34 /* Release */ = {
			isa = XCBuildConfiguration;
			baseConfigurationReference = D8807238AF77E94F1C710B16 /* Pods-DrinkyTests.release.xcconfig */;
			buildSettings = {
				ALWAYS_EMBED_SWIFT_STANDARD_LIBRARIES = YES;
				BUNDLE_LOADER = "$(TEST_HOST)";
				CODE_SIGN_STYLE = Automatic;
				DEVELOPMENT_TEAM = 25N3QHSSX3;
				INFOPLIST_FILE = DrinkyTests/Info.plist;
				LD_RUNPATH_SEARCH_PATHS = (
					"$(inherited)",
					"@executable_path/Frameworks",
					"@loader_path/Frameworks",
				);
				PRODUCT_BUNDLE_IDENTIFIER = eu.thijsvanderheijden.DrinkyTests;
				PRODUCT_NAME = "$(TARGET_NAME)";
				SWIFT_VERSION = 5.0;
				TARGETED_DEVICE_FAMILY = "1,2";
				TEST_HOST = "$(BUILT_PRODUCTS_DIR)/Drinky.app/Drinky";
			};
			name = Release;
		};
		76F3C492226A27B300E25C34 /* Debug */ = {
			isa = XCBuildConfiguration;
			baseConfigurationReference = 49F65162633A9E3D7C88B14C /* Pods-DrinkyUITests.debug.xcconfig */;
			buildSettings = {
				ALWAYS_EMBED_SWIFT_STANDARD_LIBRARIES = YES;
				CODE_SIGN_STYLE = Automatic;
				DEVELOPMENT_TEAM = 25N3QHSSX3;
				INFOPLIST_FILE = DrinkyUITests/Info.plist;
				LD_RUNPATH_SEARCH_PATHS = (
					"$(inherited)",
					"@executable_path/Frameworks",
					"@loader_path/Frameworks",
				);
				PRODUCT_BUNDLE_IDENTIFIER = eu.thijsvanderheijden.DrinkyUITests;
				PRODUCT_NAME = "$(TARGET_NAME)";
				SWIFT_VERSION = 5.0;
				TARGETED_DEVICE_FAMILY = "1,2";
				TEST_TARGET_NAME = Drinky;
			};
			name = Debug;
		};
		76F3C493226A27B300E25C34 /* Release */ = {
			isa = XCBuildConfiguration;
			baseConfigurationReference = A73CAA7D6D16DA1F7A4B62BD /* Pods-DrinkyUITests.release.xcconfig */;
			buildSettings = {
				ALWAYS_EMBED_SWIFT_STANDARD_LIBRARIES = YES;
				CODE_SIGN_STYLE = Automatic;
				DEVELOPMENT_TEAM = 25N3QHSSX3;
				INFOPLIST_FILE = DrinkyUITests/Info.plist;
				LD_RUNPATH_SEARCH_PATHS = (
					"$(inherited)",
					"@executable_path/Frameworks",
					"@loader_path/Frameworks",
				);
				PRODUCT_BUNDLE_IDENTIFIER = eu.thijsvanderheijden.DrinkyUITests;
				PRODUCT_NAME = "$(TARGET_NAME)";
				SWIFT_VERSION = 5.0;
				TARGETED_DEVICE_FAMILY = "1,2";
				TEST_TARGET_NAME = Drinky;
			};
			name = Release;
		};
/* End XCBuildConfiguration section */

/* Begin XCConfigurationList section */
		76085FD622A12B630084B8E1 /* Build configuration list for PBXNativeTarget "Drinky Watch Extension" */ = {
			isa = XCConfigurationList;
			buildConfigurations = (
				76085FD422A12B630084B8E1 /* Debug */,
				76085FD522A12B630084B8E1 /* Release */,
			);
			defaultConfigurationIsVisible = 0;
			defaultConfigurationName = Release;
		};
		76085FD822A12B630084B8E1 /* Build configuration list for PBXNativeTarget "Drinky Watch" */ = {
			isa = XCConfigurationList;
			buildConfigurations = (
				76085FD222A12B630084B8E1 /* Debug */,
				76085FD322A12B630084B8E1 /* Release */,
			);
			defaultConfigurationIsVisible = 0;
			defaultConfigurationName = Release;
		};
		7655E35122A009B2000DCFD2 /* Build configuration list for PBXNativeTarget "Drinky Widget" */ = {
			isa = XCConfigurationList;
			buildConfigurations = (
				7655E35222A009B2000DCFD2 /* Debug */,
				7655E35322A009B2000DCFD2 /* Release */,
			);
			defaultConfigurationIsVisible = 0;
			defaultConfigurationName = Release;
		};
		76F3C45B226A27B200E25C34 /* Build configuration list for PBXProject "Drinky" */ = {
			isa = XCConfigurationList;
			buildConfigurations = (
				76F3C489226A27B300E25C34 /* Debug */,
				76F3C48A226A27B300E25C34 /* Release */,
			);
			defaultConfigurationIsVisible = 0;
			defaultConfigurationName = Release;
		};
		76F3C48B226A27B300E25C34 /* Build configuration list for PBXNativeTarget "Drinky" */ = {
			isa = XCConfigurationList;
			buildConfigurations = (
				76F3C48C226A27B300E25C34 /* Debug */,
				76F3C48D226A27B300E25C34 /* Release */,
			);
			defaultConfigurationIsVisible = 0;
			defaultConfigurationName = Release;
		};
		76F3C48E226A27B300E25C34 /* Build configuration list for PBXNativeTarget "DrinkyTests" */ = {
			isa = XCConfigurationList;
			buildConfigurations = (
				76F3C48F226A27B300E25C34 /* Debug */,
				76F3C490226A27B300E25C34 /* Release */,
			);
			defaultConfigurationIsVisible = 0;
			defaultConfigurationName = Release;
		};
		76F3C491226A27B300E25C34 /* Build configuration list for PBXNativeTarget "DrinkyUITests" */ = {
			isa = XCConfigurationList;
			buildConfigurations = (
				76F3C492226A27B300E25C34 /* Debug */,
				76F3C493226A27B300E25C34 /* Release */,
			);
			defaultConfigurationIsVisible = 0;
			defaultConfigurationName = Release;
		};
/* End XCConfigurationList section */

/* Begin XCVersionGroup section */
		76F3C46A226A27B200E25C34 /* Drinky.xcdatamodeld */ = {
			isa = XCVersionGroup;
			children = (
				76F3C46B226A27B200E25C34 /* Drinky.xcdatamodel */,
			);
			currentVersion = 76F3C46B226A27B200E25C34 /* Drinky.xcdatamodel */;
			path = Drinky.xcdatamodeld;
			sourceTree = "<group>";
			versionGroupType = wrapper.xcdatamodel;
		};
/* End XCVersionGroup section */
	};
	rootObject = 76F3C458226A27B200E25C34 /* Project object */;
}
